
Microsoft Visual Studio Solution File, Format Version 12.00
# Visual Studio Version 17
VisualStudioVersion = 17.7.34202.233
MinimumVisualStudioVersion = 10.0.40219.1
Project("{FAE04EC0-301F-11D3-BF4B-00C04F79EFBC}") = "WebApplication5", "WebApplication5.csproj", "{FF2257C7-D0EA-4714-9CEC-BD1E3410393D}"
EndProject
Global
	GlobalSection(SolutionConfigurationPlatforms) = preSolution
		Debug|Any CPU = Debug|Any CPU
		Release|Any CPU = Release|Any CPU
	EndGlobalSection
	GlobalSection(ProjectConfigurationPlatforms) = postSolution
		{FF2257C7-D0EA-4714-9CEC-BD1E3410393D}.Debug|Any CPU.ActiveCfg = Debug|Any CPU
		{FF2257C7-D0EA-4714-9CEC-BD1E3410393D}.Debug|Any CPU.Build.0 = Debug|Any CPU
		{FF2257C7-D0EA-4714-9CEC-BD1E3410393D}.Release|Any CPU.ActiveCfg = Release|Any CPU
		{FF2257C7-D0EA-4714-9CEC-BD1E3410393D}.Release|Any CPU.Build.0 = Release|Any CPU
	EndGlobalSection
	GlobalSection(SolutionProperties) = preSolution
		HideSolutionNode = FALSE
	EndGlobalSection
	GlobalSection(ExtensibilityGlobals) = postSolution
		SolutionGuid = {315FB48E-6BAC-4644-93FA-9753DCEB4B56}
	EndGlobalSection
EndGlobal
